
Microsoft Visual Studio Solution File, Format Version 12.00
# Visual Studio Version 17
VisualStudioVersion = 17.9.34622.214
MinimumVisualStudioVersion = 10.0.40219.1
Project("{FAE04EC0-301F-11D3-BF4B-00C04F79EFBC}") = "matriz-exercise", "matriz-exercise\matriz-exercise.csproj", "{76E874DC-75C7-4DB9-AE04-8D3D8B24591C}"
EndProject
Global
	GlobalSection(SolutionConfigurationPlatforms) = preSolution
		Debug|Any CPU = Debug|Any CPU
		Release|Any CPU = Release|Any CPU
	EndGlobalSection
	GlobalSection(ProjectConfigurationPlatforms) = postSolution
		{76E874DC-75C7-4DB9-AE04-8D3D8B24591C}.Debug|Any CPU.ActiveCfg = Debug|Any CPU
		{76E874DC-75C7-4DB9-AE04-8D3D8B24591C}.Debug|Any CPU.Build.0 = Debug|Any CPU
		{76E874DC-75C7-4DB9-AE04-8D3D8B24591C}.Release|Any CPU.ActiveCfg = Release|Any CPU
		{76E874DC-75C7-4DB9-AE04-8D3D8B24591C}.Release|Any CPU.Build.0 = Release|Any CPU
	EndGlobalSection
	GlobalSection(SolutionProperties) = preSolution
		HideSolutionNode = FALSE
	EndGlobalSection
	GlobalSection(ExtensibilityGlobals) = postSolution
		SolutionGuid = {751DE1AC-1874-4AA0-9535-D85E82D7F709}
	EndGlobalSection
EndGlobal
